# THIS IS AN AUTOGENERATED FILE. DO NOT EDIT THIS FILE DIRECTLY.
# yarn lockfile v1


"@fast-csv/format@^4.1.1":
  version "4.1.1"
  resolved "https://registry.yarnpkg.com/@fast-csv/format/-/format-4.1.1.tgz#baf6e70db90e4bf588b510228be9de44564a962c"
  integrity sha512-xiapqgG9bTiCcDlxjuaV+HQt7kJGQOxCT3kXkOiT0S4Q3X6Zo0WE86iYQCo4X/tlkcjozPq3bc0f0AOhCI0wZw==
  dependencies:
    lodash.escaperegexp "^4.1.2"
    lodash.isboolean "^3.0.3"
    lodash.isequal "^4.5.0"
    lodash.isfunction "^3.0.9"
    lodash.isnil "^4.0.0"

"@fast-csv/parse@^4.1.1":
  version "4.1.1"
  resolved "https://registry.yarnpkg.com/@fast-csv/parse/-/parse-4.1.1.tgz#2ad2fae2c09952a8dd425a5a3d424a7407676f6d"
  integrity sha512-ayyg/O1IlOWn0d0vcVmOz1DHnD5vutHbDdovKS2qX2PcT09TkZe0Xx/2Wh2CSynzM+2ynj/05fxYKFDpiorpzQ==
  dependencies:
    lodash.escaperegexp "^4.1.2"
    lodash.groupby "^4.6.0"
    lodash.isfunction "^3.0.9"
    lodash.isnil "^4.0.0"
    lodash.isundefined "^3.0.1"
    lodash.uniq "^4.5.0"

"@types/node@^12.12.17":
  version "12.12.28"
  resolved "https://registry.yarnpkg.com/@types/node/-/node-12.12.28.tgz#3a2b5f8d21f96ace690a8832ae9779114612575f"
  integrity sha512-g73GJYJDXgf0jqg+P9S8h2acWbDXNkoCX8DLtJVu7Fkn788pzQ/oJsrdJz/2JejRf/SjfZaAhsw+3nd1D5EWGg==

async@^3.2.0:
  version "3.2.0"
  resolved "https://registry.yarnpkg.com/async/-/async-3.2.0.tgz#b3a2685c5ebb641d3de02d161002c60fc9f85720"
  integrity sha512-TR2mEZFVOj2pLStYxLht7TyfuRzaydfpxr3k9RpHIzMgw7A64dzsdqCxH1WJyQdoe8T10nDXd9wnEigmiuHIZw==

fast-csv@^4.1.1:
  version "4.1.1"
  resolved "https://registry.yarnpkg.com/fast-csv/-/fast-csv-4.1.1.tgz#5970535ff00a13e167fd4e58998edf67dbf0fb49"
  integrity sha512-otu5Zc2O4xCLSZMw8NMAcl7ieJTh6RuH2kfvaEpiKnZ57jjy45estIoXyb8eisv3Js/ViBfdwNTmeyV+yMJwSw==
  dependencies:
    "@fast-csv/format" "^4.1.1"
    "@fast-csv/parse" "^4.1.1"
    "@types/node" "^12.12.17"

lodash.escaperegexp@^4.1.2:
  version "4.1.2"
  resolved "https://registry.yarnpkg.com/lodash.escaperegexp/-/lodash.escaperegexp-4.1.2.tgz#64762c48618082518ac3df4ccf5d5886dae20347"
  integrity sha1-ZHYsSGGAglGKw99Mz11YhtriA0c=

lodash.groupby@^4.6.0:
  version "4.6.0"
  resolved "https://registry.yarnpkg.com/lodash.groupby/-/lodash.groupby-4.6.0.tgz#0b08a1dcf68397c397855c3239783832df7403d1"
  integrity sha1-Cwih3PaDl8OXhVwyOXg4Mt90A9E=

lodash.isboolean@^3.0.3:
  version "3.0.3"
  resolved "https://registry.yarnpkg.com/lodash.isboolean/-/lodash.isboolean-3.0.3.tgz#6c2e171db2a257cd96802fd43b01b20d5f5870f6"
  integrity sha1-bC4XHbKiV82WgC/UOwGyDV9YcPY=

lodash.isequal@^4.5.0:
  version "4.5.0"
  resolved "https://registry.yarnpkg.com/lodash.isequal/-/lodash.isequal-4.5.0.tgz#415c4478f2bcc30120c22ce10ed3226f7d3e18e0"
  integrity sha1-QVxEePK8wwEgwizhDtMib30+GOA=

lodash.isfunction@^3.0.9:
  version "3.0.9"
  resolved "https://registry.yarnpkg.com/lodash.isfunction/-/lodash.isfunction-3.0.9.tgz#06de25df4db327ac931981d1bdb067e5af68d051"
  integrity sha512-AirXNj15uRIMMPihnkInB4i3NHeb4iBtNg9WRWuK2o31S+ePwwNmDPaTL3o7dTJ+VXNZim7rFs4rxN4YU1oUJw==

lodash.isnil@^4.0.0:
  version "4.0.0"
  resolved "https://registry.yarnpkg.com/lodash.isnil/-/lodash.isnil-4.0.0.tgz#49e28cd559013458c814c5479d3c663a21bfaa6c"
  integrity sha1-SeKM1VkBNFjIFMVHnTxmOiG/qmw=

lodash.isundefined@^3.0.1:
  version "3.0.1"
  resolved "https://registry.yarnpkg.com/lodash.isundefined/-/lodash.isundefined-3.0.1.tgz#23ef3d9535565203a66cefd5b830f848911afb48"
  integrity sha1-I+89lTVWUgOmbO/VuDD4SJEa+0g=

lodash.uniq@^4.5.0:
  version "4.5.0"
  resolved "https://registry.yarnpkg.com/lodash.uniq/-/lodash.uniq-4.5.0.tgz#d0225373aeb652adc1bc82e4945339a842754773"
  integrity sha1-0CJTc662Uq3BvILklFM5qEJ1R3M=

marked@^0.8.0:
  version "0.8.0"
  resolved "https://registry.yarnpkg.com/marked/-/marked-0.8.0.tgz#ec5c0c9b93878dc52dd54be8d0e524097bd81a99"
  integrity sha512-MyUe+T/Pw4TZufHkzAfDj6HarCBWia2y27/bhuYkTaiUnfDYFnCP3KUN+9oM7Wi6JA2rymtVYbQu3spE0GCmxQ==

nodemailer@^6.4.3:
  version "6.4.3"
  resolved "https://registry.yarnpkg.com/nodemailer/-/nodemailer-6.4.3.tgz#10d29195fb020e3297495bcba39d3519b23483f3"
  integrity sha512-zmx4MTzYWQo2abFexvFYVURaiBGLekoA/yjP2Ctigd82hYtC4n38pcphQBi805t7AB2sY6DwmxnP/tb77f3KHA==
